<?xml version="1.0" encoding="utf-8"?>
<Project ToolsVersion="4.0" xmlns="http://schemas.microsoft.com/developer/msbuild/2003">
  <ItemGroup>
    <Filter Include="Source Files">
      <UniqueIdentifier>{4FC737F1-C7A5-4376-A066-2A32D752A2FF}</UniqueIdentifier>
      <Extensions>cpp;c;cc;cxx;def;odl;idl;hpj;bat;asm;asmx</Extensions>
    </Filter>
    <Filter Include="Header Files">
      <UniqueIdentifier>{93995380-89BD-4b04-88EB-625FBE52EBFB}</UniqueIdentifier>
      <Extensions>h;hh;hpp;hxx;hm;inl;inc;xsd</Extensions>
    </Filter>
    <Filter Include="Resource Files">
      <UniqueIdentifier>{D9D6E242-F8AF-46E4-B9FD-80ECBC20BA3E}</UniqueIdentifier>
      <Extensions>qrc;*</Extensions>
      <ParseFiles>false</ParseFiles>
    </Filter>
    <Filter Include="Form Files">
      <UniqueIdentifier>{99349809-55BA-4b9d-BF79-8FDBB0286EB3}</UniqueIdentifier>
      <Extensions>ui</Extensions>
    </Filter>
    <Filter Include="Resource Files">
      <UniqueIdentifier>{D9D6E242-F8AF-46E4-B9FD-80ECBC20BA3E}</UniqueIdentifier>
      <Extensions>qrc;*</Extensions>
      <ParseFiles>false</ParseFiles>
    </Filter>
  </ItemGroup>
  <ItemGroup>
    <ClCompile Include="main.cpp">
      <Filter>Source Files</Filter>
    </ClCompile>
    <ClCompile Include="CloudDriveWinClient.cpp">
      <Filter>Source Files</Filter>
    </ClCompile>
    <ClCompile Include="LoginWindow.cpp">
      <Filter>Source Files</Filter>
    </ClCompile>
    <ClCompile Include="printMessage.cpp">
      <Filter>Source Files</Filter>
    </ClCompile>
    <ClCompile Include="Utility\Config.cpp">
      <Filter>Source Files</Filter>
    </ClCompile>
    <ClCompile Include="Utility\Log.cpp">
      <Filter>Source Files</Filter>
    </ClCompile>
    <ClCompile Include="Utility\LogMessage.cpp">
      <Filter>Source Files</Filter>
    </ClCompile>
  </ItemGroup>
  <ItemGroup>
    <QtMoc Include="CloudDriveWinClient.h">
      <Filter>Header Files</Filter>
    </QtMoc>
    <QtMoc Include="LoginWindow.h">
      <Filter>Header Files</Filter>
    </QtMoc>
  </ItemGroup>
  <ItemGroup>
    <QtUic Include="CloudDriveWinClient.ui">
      <Filter>Form Files</Filter>
    </QtUic>
    <QtUic Include="LoginWindow.ui">
      <Filter>Form Files</Filter>
    </QtUic>
  </ItemGroup>
  <ItemGroup>
    <QtRcc Include="CloudDriveWinClient.qrc">
      <Filter>Resource Files</Filter>
    </QtRcc>
  </ItemGroup>
  <ItemGroup>
    <ClInclude Include="common.h">
      <Filter>Header Files</Filter>
    </ClInclude>
    <ClInclude Include="printMessage.h">
      <Filter>Header Files</Filter>
    </ClInclude>
    <ClInclude Include="include\CopyBody.h">
      <Filter>Header Files</Filter>
    </ClInclude>
    <ClInclude Include="include\CopyRespBody.h">
      <Filter>Header Files</Filter>
    </ClInclude>
    <ClInclude Include="include\DeleteBody.h">
      <Filter>Header Files</Filter>
    </ClInclude>
    <ClInclude Include="include\DeleteRespBody.h">
      <Filter>Header Files</Filter>
    </ClInclude>
    <ClInclude Include="include\MoveBody.h">
      <Filter>Header Files</Filter>
    </ClInclude>
    <ClInclude Include="include\MoveRespBody.h">
      <Filter>Header Files</Filter>
    </ClInclude>
    <ClInclude Include="include\Package.h">
      <Filter>Header Files</Filter>
    </ClInclude>
    <ClInclude Include="include\SYNPushBody.h">
      <Filter>Header Files</Filter>
    </ClInclude>
    <ClInclude Include="include\SYNReqBody.h">
      <Filter>Header Files</Filter>
    </ClInclude>
    <ClInclude Include="include\SYNRespBody.h">
      <Filter>Header Files</Filter>
    </ClInclude>
    <ClInclude Include="include\UniformHeader.h">
      <Filter>Header Files</Filter>
    </ClInclude>
    <ClInclude Include="include\Config.h">
      <Filter>Header Files</Filter>
    </ClInclude>
    <ClInclude Include="include\Log.h">
      <Filter>Header Files</Filter>
    </ClInclude>
    <ClInclude Include="include\LogMessage.h">
      <Filter>Header Files</Filter>
    </ClInclude>
    <ClInclude Include="PackageSize.h">
      <Filter>Header Files</Filter>
    </ClInclude>
  </ItemGroup>
</Project>